# This file is generated by running "yarn install" inside your project.
# Manual changes might be lost - proceed with caution!

__metadata:
  version: 10
  cacheKey: 10c0

"@octokit/app@npm:^16.1.2":
  version: 16.1.2
  resolution: "@octokit/app@npm:16.1.2"
  dependencies:
    "@octokit/auth-app": "npm:^8.1.2"
    "@octokit/auth-unauthenticated": "npm:^7.0.3"
    "@octokit/core": "npm:^7.0.6"
    "@octokit/oauth-app": "npm:^8.0.3"
    "@octokit/plugin-paginate-rest": "npm:^14.0.0"
    "@octokit/types": "npm:^16.0.0"
    "@octokit/webhooks": "npm:^14.0.0"
  checksum: 10c0/64d5f2c5b126c3bac71d11d6394f2b1c2ffa3880496b492b0a175695b83066fcbe857d2c1e72540b646cf85c57b6162cd2a4cad9b05012ea8de17109f2928473
  languageName: node
  linkType: hard

"@octokit/auth-app@npm:^8.1.2":
  version: 8.2.0
  resolution: "@octokit/auth-app@npm:8.2.0"
  dependencies:
    "@octokit/auth-oauth-app": "npm:^9.0.3"
    "@octokit/auth-oauth-user": "npm:^6.0.2"
    "@octokit/request": "npm:^10.0.6"
    "@octokit/request-error": "npm:^7.0.2"
    "@octokit/types": "npm:^16.0.0"
    toad-cache: "npm:^3.7.0"
    universal-github-app-jwt: "npm:^2.2.0"
    universal-user-agent: "npm:^7.0.0"
  checksum: 10c0/7f1b113c9f2ef4d0aac06ffb0b1930a256c6a8985744c709c36fe8c4565c5c184de742de4c4a52e4d9f25baef00c9b855732cfaeb81db8abe238d6c2ee54d6d6
  languageName: node
  linkType: hard

"@octokit/auth-oauth-app@npm:^9.0.2, @octokit/auth-oauth-app@npm:^9.0.3":
  version: 9.0.3
  resolution: "@octokit/auth-oauth-app@npm:9.0.3"
  dependencies:
    "@octokit/auth-oauth-device": "npm:^8.0.3"
    "@octokit/auth-oauth-user": "npm:^6.0.2"
    "@octokit/request": "npm:^10.0.6"
    "@octokit/types": "npm:^16.0.0"
    universal-user-agent: "npm:^7.0.0"
  checksum: 10c0/1b47dc2a6ea480c04cc3b03d03f4836916ef666047b639c78134d49bbf9fb112a0610021aa017abaa30d8a63a5e66117b3d2b3a4d3976d10153bd5efef54da8b
  languageName: node
  linkType: hard

"@octokit/auth-oauth-device@npm:^8.0.3":
  version: 8.0.3
  resolution: "@octokit/auth-oauth-device@npm:8.0.3"
  dependencies:
    "@octokit/oauth-methods": "npm:^6.0.2"
    "@octokit/request": "npm:^10.0.6"
    "@octokit/types": "npm:^16.0.0"
    universal-user-agent: "npm:^7.0.0"
  checksum: 10c0/2c43d131fbd0b60abef5f37e6168e31f5ec1b8361bac1d71c19499e1960e5e00957c54db9836d88754b467ad48c4e15f60409b0d66dc740468c49834e787e971
  languageName: node
  linkType: hard

"@octokit/auth-oauth-user@npm:^6.0.1, @octokit/auth-oauth-user@npm:^6.0.2":
  version: 6.0.2
  resolution: "@octokit/auth-oauth-user@npm:6.0.2"
  dependencies:
    "@octokit/auth-oauth-device": "npm:^8.0.3"
    "@octokit/oauth-methods": "npm:^6.0.2"
    "@octokit/request": "npm:^10.0.6"
    "@octokit/types": "npm:^16.0.0"
    universal-user-agent: "npm:^7.0.0"
  checksum: 10c0/7af66189e7c0b19c456462d571f61ac787d8464554375b12ded245d0d209a7a0f873f9189d7a3e9afef8aa59eb268c573f8e98b0ee683ebf0989625c20e2125a
  languageName: node
  linkType: hard

"@octokit/auth-token@npm:^6.0.0":
  version: 6.0.0
  resolution: "@octokit/auth-token@npm:6.0.0"
  checksum: 10c0/32ecc904c5f6f4e5d090bfcc679d70318690c0a0b5040cd9a25811ad9dcd44c33f2cf96b6dbee1cd56cf58fde28fb1819c01b58718aa5c971f79c822357cb5c0
  languageName: node
  linkType: hard

"@octokit/auth-unauthenticated@npm:^7.0.2, @octokit/auth-unauthenticated@npm:^7.0.3":
  version: 7.0.3
  resolution: "@octokit/auth-unauthenticated@npm:7.0.3"
  dependencies:
    "@octokit/request-error": "npm:^7.0.2"
    "@octokit/types": "npm:^16.0.0"
  checksum: 10c0/7e20ec86314e881201d37283edbf83f4dd8210df74d6bab1273961e2f18064144ea970f18a678dda8cc4396a5128499efda45e81a848fc770836872049d6218f
  languageName: node
  linkType: hard

"@octokit/core@npm:^7.0.5, @octokit/core@npm:^7.0.6":
  version: 7.0.6
  resolution: "@octokit/core@npm:7.0.6"
  dependencies:
    "@octokit/auth-token": "npm:^6.0.0"
    "@octokit/graphql": "npm:^9.0.3"
    "@octokit/request": "npm:^10.0.6"
    "@octokit/request-error": "npm:^7.0.2"
    "@octokit/types": "npm:^16.0.0"
    before-after-hook: "npm:^4.0.0"
    universal-user-agent: "npm:^7.0.0"
  checksum: 10c0/95a328ff7c7223d9eb4aa778c63171828514ae0e0f588d33beb81a4dc03bbeae055382f6060ce23c979ab46272409942ff2cf3172109999e48429c47055b1fbe
  languageName: node
  linkType: hard

"@octokit/endpoint@npm:^11.0.3":
  version: 11.0.3
  resolution: "@octokit/endpoint@npm:11.0.3"
  dependencies:
    "@octokit/types": "npm:^16.0.0"
    universal-user-agent: "npm:^7.0.2"
  checksum: 10c0/3f9b67e6923ece5009aebb0dcbae5837fb574bc422561424049a43ead7fea6f132234edb72239d6ec067cf734937a608e4081af81c109de2cb754528f0d00520
  languageName: node
  linkType: hard

"@octokit/graphql@npm:^9.0.3":
  version: 9.0.3
  resolution: "@octokit/graphql@npm:9.0.3"
  dependencies:
    "@octokit/request": "npm:^10.0.6"
    "@octokit/types": "npm:^16.0.0"
    universal-user-agent: "npm:^7.0.0"
  checksum: 10c0/58588d3fb2834f64244fa5376ca7922a30117b001b621e141fab0d52806370803ab0c046ac99b120fa5f45b770f52a815157fb6ffc147fc6c1da4047c1f1af49
  languageName: node
  linkType: hard

"@octokit/oauth-app@npm:^8.0.3":
  version: 8.0.3
  resolution: "@octokit/oauth-app@npm:8.0.3"
  dependencies:
    "@octokit/auth-oauth-app": "npm:^9.0.2"
    "@octokit/auth-oauth-user": "npm:^6.0.1"
    "@octokit/auth-unauthenticated": "npm:^7.0.2"
    "@octokit/core": "npm:^7.0.5"
    "@octokit/oauth-authorization-url": "npm:^8.0.0"
    "@octokit/oauth-methods": "npm:^6.0.1"
    "@types/aws-lambda": "npm:^8.10.83"
    universal-user-agent: "npm:^7.0.0"
  checksum: 10c0/7bb064bfe21a6db45b57f8f5e5ecd533e802c0073d293b1c75abf264d9bc0fc952492757ea5af516207af4ec781cf793cb37e8cbbb3a8df691592bc25c364644
  languageName: node
  linkType: hard

"@octokit/oauth-authorization-url@npm:^8.0.0":
  version: 8.0.0
  resolution: "@octokit/oauth-authorization-url@npm:8.0.0"
  checksum: 10c0/ab4964bebd8d076f945a2f3210a8a0a221a408362569d9fc2f49875ad06e594365f5fd871dac08d820793f687bff50237f7acf40d9d39c5f9de7575b6f4bad93
  languageName: node
  linkType: hard

"@octokit/oauth-methods@npm:^6.0.1, @octokit/oauth-methods@npm:^6.0.2":
  version: 6.0.2
  resolution: "@octokit/oauth-methods@npm:6.0.2"
  dependencies:
    "@octokit/oauth-authorization-url": "npm:^8.0.0"
    "@octokit/request": "npm:^10.0.6"
    "@octokit/request-error": "npm:^7.0.2"
    "@octokit/types": "npm:^16.0.0"
  checksum: 10c0/51d2f3218839ce37609e6e0adc274efcc198bdcae57ef3ecf3ada95f6f30dcc3052f6db34e4aa3a1bc94545d7025baa44058d5c044fdd6bdd83562eb9b8510c2
  languageName: node
  linkType: hard

"@octokit/openapi-types@npm:^27.0.0":
  version: 27.0.0
  resolution: "@octokit/openapi-types@npm:27.0.0"
  checksum: 10c0/602d1de033da180a2e982cdbd3646bd5b2e16ecf36b9955a0f23e37ae9e6cb086abb48ff2ae6f2de000fce03e8ae9051794611ae4a95a8f5f6fb63276e7b8e31
  languageName: node
  linkType: hard

"@octokit/openapi-webhooks-types@npm:12.1.0":
  version: 12.1.0
  resolution: "@octokit/openapi-webhooks-types@npm:12.1.0"
  checksum: 10c0/0352ee895f849d16e8a33e8474fc87d7c0c117fcd72d3e03271232d82ed9f648ca252737e6453f3cd5919c9a2b92fb048327d306d761d4d750c2eee8eca3669f
  languageName: node
  linkType: hard

"@octokit/plugin-paginate-graphql@npm:^6.0.0":
  version: 6.0.0
  resolution: "@octokit/plugin-paginate-graphql@npm:6.0.0"
  peerDependencies:
    "@octokit/core": ">=6"
  checksum: 10c0/354553741317a8a5977dffdf26ddeb767f3c67266a18a5d5e3e5c31fbc118f157ed726f43f998c1aad4bfa704312ce11a4f3e7b681e863245eac8afcac2c5861
  languageName: node
  linkType: hard

"@octokit/plugin-paginate-rest@npm:^14.0.0":
  version: 14.0.0
  resolution: "@octokit/plugin-paginate-rest@npm:14.0.0"
  dependencies:
    "@octokit/types": "npm:^16.0.0"
  peerDependencies:
    "@octokit/core": ">=6"
  checksum: 10c0/841d79d4ccfe18fc809a4a67529b75c1dcdda13399bf4bf5b48ce7559c8b4b2cd422e3204bad4cbdea31c0cf0943521067415268e5bcfc615a3b813e058cad6b
  languageName: node
  linkType: hard

"@octokit/plugin-rest-endpoint-methods@npm:^17.0.0":
  version: 17.0.0
  resolution: "@octokit/plugin-rest-endpoint-methods@npm:17.0.0"
  dependencies:
    "@octokit/types": "npm:^16.0.0"
  peerDependencies:
    "@octokit/core": ">=6"
  checksum: 10c0/cf9984d7cf6a36ff7ff1b86078ae45fe246e3df10fcef0bccf20c8cfd27bf5e7d98dcb9cf5a7b56332b9c6fa30be28d159c2987d272a4758f77056903d94402f
  languageName: node
  linkType: hard

"@octokit/plugin-retry@npm:^8.0.3":
  version: 8.1.0
  resolution: "@octokit/plugin-retry@npm:8.1.0"
  dependencies:
    "@octokit/request-error": "npm:^7.0.2"
    "@octokit/types": "npm:^16.0.0"
    bottleneck: "npm:^2.15.3"
  peerDependencies:
    "@octokit/core": ">=7"
  checksum: 10c0/9e10676d29ce642eff8e4f7f9aa2fe6d8c5bebdc5ed107d2e6183be5d50699680b4e1d01a6096d4bec959d2337baf38fd5a39e9d541e9b1a28baf648bc0fefaa
  languageName: node
  linkType: hard

"@octokit/plugin-throttling@npm:^11.0.3":
  version: 11.0.3
  resolution: "@octokit/plugin-throttling@npm:11.0.3"
  dependencies:
    "@octokit/types": "npm:^16.0.0"
    bottleneck: "npm:^2.15.3"
  peerDependencies:
    "@octokit/core": ^7.0.0
  checksum: 10c0/5c7cc386962b6d2881ac769f57b28c28622d18e3dbe2f7600dfdfda0a98b56a95f69d831902b647ad023574921cc801b78aa54563fdb3f465ac8c883aaf6cbe3
  languageName: node
  linkType: hard

"@octokit/request-error@npm:^7.0.0, @octokit/request-error@npm:^7.0.2":
  version: 7.1.0
  resolution: "@octokit/request-error@npm:7.1.0"
  dependencies:
    "@octokit/types": "npm:^16.0.0"
  checksum: 10c0/62b90a54545c36a30b5ffdda42e302c751be184d85b68ffc7f1242c51d7ca54dbd185b7d0027b491991776923a910c85c9c51269fe0d86111bac187507a5abc4
  languageName: node
  linkType: hard

"@octokit/request@npm:^10.0.6":
  version: 10.0.10
  resolution: "@octokit/request@npm:10.0.10"
  dependencies:
    "@octokit/endpoint": "npm:^11.0.3"
    "@octokit/request-error": "npm:^7.0.2"
    "@octokit/types": "npm:^16.0.0"
    content-type: "npm:^2.0.0"
    json-with-bigint: "npm:^3.5.3"
    universal-user-agent: "npm:^7.0.2"
  checksum: 10c0/1d93f508dbc903282d92558168736c6d1a8c04c511e6d7ebe67594c4cfe93f711d67b5628e9f4e8f194c7ef124e066196308e638e93ad33c73ceb0f4b4398eae
  languageName: node
  linkType: hard

"@octokit/types@npm:^16.0.0":
  version: 16.0.0
  resolution: "@octokit/types@npm:16.0.0"
  dependencies:
    "@octokit/openapi-types": "npm:^27.0.0"
  checksum: 10c0/b8d41098ba6fc194d13d641f9441347e3a3b96c0efabac0e14f57319340a2d4d1c8676e4cb37ab3062c5c323c617e790b0126916e9bf7b201b0cced0826f8ae2
  languageName: node
  linkType: hard

"@octokit/webhooks-methods@npm:^6.0.0":
  version: 6.0.0
  resolution: "@octokit/webhooks-methods@npm:6.0.0"
  checksum: 10c0/7f10740e838d65c78e859bb041499cca69df7831e9f633ee70a46ca8e53d0844f2c84500df204453d171c8c3c0f8eb8b68716ee1d5c95e3cf5d09690f32e13e1
  languageName: node
  linkType: hard

"@octokit/webhooks@npm:^14.0.0":
  version: 14.2.0
  resolution: "@octokit/webhooks@npm:14.2.0"
  dependencies:
    "@octokit/openapi-webhooks-types": "npm:12.1.0"
    "@octokit/request-error": "npm:^7.0.0"
    "@octokit/webhooks-methods": "npm:^6.0.0"
  checksum: 10c0/0d0dcbd90d752aab9a390fba01237009c8fd3d58d7f39d9f46446e9de27bb83a8fcee07a3e3ed39e5020f945d76f1f7cbef2285d8ccff2bfa03dfd6eb03d1182
  languageName: node
  linkType: hard

"@types/aws-lambda@npm:^8.10.83":
  version: 8.10.149
  resolution: "@types/aws-lambda@npm:8.10.149"
  checksum: 10c0/9ef41214a1b69fa30d89cab575429793f1ccc49cfe3a7aa75228aef31a202bb6d2c306a5b33def61ef29e0d0a1a324412bf6a4fa5a615e61117685584a394047
  languageName: node
  linkType: hard

"before-after-hook@npm:^4.0.0":
  version: 4.0.0
  resolution: "before-after-hook@npm:4.0.0"
  checksum: 10c0/9f8ae8d1b06142bcfb9ef6625226b5e50348bb11210f266660eddcf9734e0db6f9afc4cb48397ee3f5ac0a3728f3ae401cdeea88413f7bed748a71db84657be2
  languageName: node
  linkType: hard

"bottleneck@npm:^2.15.3":
  version: 2.19.5
  resolution: "bottleneck@npm:2.19.5"
  checksum: 10c0/b0f72e45b2e0f56a21ba720183f16bef8e693452fb0495d997fa354e42904353a94bd8fd429868e6751bc85e54b6755190519eed5a0ae0a94a5185209ae7c6d0
  languageName: node
  linkType: hard

"common-config-deploy@workspace:.":
  version: 0.0.0-use.local
  resolution: "common-config-deploy@workspace:."
  dependencies:
    octokit: "npm:^5.0.5"
    p-lazy: "npm:^5.0.0"
    semver: "npm:^7.8.5"
    yaml: "npm:^2.9.0"
  languageName: unknown
  linkType: soft

"content-type@npm:^2.0.0":
  version: 2.0.0
  resolution: "content-type@npm:2.0.0"
  checksum: 10c0/491539fff707d7594b0ca4fabcc084bef2a31ffa754ff0a4f80c4377e3963cff0394317f9271c24087596c97fa675bc123d61fa34ffe65b4904e7d3d3098de72
  languageName: node
  linkType: hard

"json-with-bigint@npm:^3.5.3":
  version: 3.5.8
  resolution: "json-with-bigint@npm:3.5.8"
  checksum: 10c0/a0c4e37626d74a9a493539f9f9a94855933fa15ea2f028859a787229a42c5f11803db6f94f1ce7b1d89756c1e80a7c1f11006bac266ec7ce819b75701765ca0a
  languageName: node
  linkType: hard

"octokit@npm:^5.0.5":
  version: 5.0.5
  resolution: "octokit@npm:5.0.5"
  dependencies:
    "@octokit/app": "npm:^16.1.2"
    "@octokit/core": "npm:^7.0.6"
    "@octokit/oauth-app": "npm:^8.0.3"
    "@octokit/plugin-paginate-graphql": "npm:^6.0.0"
    "@octokit/plugin-paginate-rest": "npm:^14.0.0"
    "@octokit/plugin-rest-endpoint-methods": "npm:^17.0.0"
    "@octokit/plugin-retry": "npm:^8.0.3"
    "@octokit/plugin-throttling": "npm:^11.0.3"
    "@octokit/request-error": "npm:^7.0.2"
    "@octokit/types": "npm:^16.0.0"
    "@octokit/webhooks": "npm:^14.0.0"
  checksum: 10c0/34dd8222468c6b34afb34157588628075f8cc2e9005c060daa9d045ad9cec141bf79b59793c20404bee7e35739f238e77b11e924760b95ac101dd1bdeb2bb0e1
  languageName: node
  linkType: hard

"p-lazy@npm:^5.0.0":
  version: 5.0.0
  resolution: "p-lazy@npm:5.0.0"
  checksum: 10c0/8788687fc3da0812549c2eefa22aa2a232fffdf350d6aa05a5b35115fa7c52b6fd3a8ebbbbb7483a77716e87abe363d28ae08d56050e4f466a0c963aa5e146fb
  languageName: node
  linkType: hard

"semver@npm:^7.8.5":
  version: 7.8.5
  resolution: "semver@npm:7.8.5"
  bin:
    semver: bin/semver.js
  checksum: 10c0/b1f3127a5be8125a94f37188b361c212466c292c6910adce3ec106cff5dc211ccaedc4739c11bb70fda59d6fc1f040a9bca289f4e093451521a2372e5231fe0c
  languageName: node
  linkType: hard

"toad-cache@npm:^3.7.0":
  version: 3.7.0
  resolution: "toad-cache@npm:3.7.0"
  checksum: 10c0/7dae2782ee20b22c9798bb8b71dec7ec6a0091021d2ea9dd6e8afccab6b65b358fdba49a02209fac574499702e2c000660721516c87c2538d1b2c0ba03e8c0c3
  languageName: node
  linkType: hard

"universal-github-app-jwt@npm:^2.2.0":
  version: 2.2.2
  resolution: "universal-github-app-jwt@npm:2.2.2"
  checksum: 10c0/7ae5f031fb89c01a4407459b764c5e6341d725d436e1ceec161f9b754dd4883d9704cc8de53d5b6314b7e1bef8dbc7561799fc23001e706f213d468c17026fb6
  languageName: node
  linkType: hard

"universal-user-agent@npm:^7.0.0, universal-user-agent@npm:^7.0.2":
  version: 7.0.2
  resolution: "universal-user-agent@npm:7.0.2"
  checksum: 10c0/e60517ee929813e6b3ac0ceb3c66deccafadc71341edca160279ff046319c684fd7090a60d63aa61cd34a06c2d2acebeb8c2f8d364244ae7bf8ab788e20cd8c8
  languageName: node
  linkType: hard

"yaml@npm:^2.9.0":
  version: 2.9.0
  resolution: "yaml@npm:2.9.0"
  bin:
    yaml: bin.mjs
  checksum: 10c0/f340718df45e97a9551b9bf9dac61c80050bc464513b710debfb5067c380c8472e3b67809cffacb4ab5ffb5e66ef9310816c88b05f371cec60abfedd8c88e0a2
  languageName: node
  linkType: hard
