# This file is generated by running "yarn install" inside your project.
# Manual changes might be lost - proceed with caution!

__metadata:
  version: 8
  cacheKey: 10c0

"@octokit/app@npm:^15.1.6":
  version: 15.1.6
  resolution: "@octokit/app@npm:15.1.6"
  dependencies:
    "@octokit/auth-app": "npm:^7.2.1"
    "@octokit/auth-unauthenticated": "npm:^6.1.3"
    "@octokit/core": "npm:^6.1.5"
    "@octokit/oauth-app": "npm:^7.1.6"
    "@octokit/plugin-paginate-rest": "npm:^12.0.0"
    "@octokit/types": "npm:^14.0.0"
    "@octokit/webhooks": "npm:^13.6.1"
  checksum: 10c0/865098127d85cc58adda78c9b86cae58c502410a0d9c23d6eeabe633bc6c5e7d5f8901f243c519a0ce72342a8d08d73f120b32a864a8f6e4eeb3ad33326b6825
  languageName: node
  linkType: hard

"@octokit/auth-app@npm:^7.2.1":
  version: 7.2.1
  resolution: "@octokit/auth-app@npm:7.2.1"
  dependencies:
    "@octokit/auth-oauth-app": "npm:^8.1.4"
    "@octokit/auth-oauth-user": "npm:^5.1.4"
    "@octokit/request": "npm:^9.2.3"
    "@octokit/request-error": "npm:^6.1.8"
    "@octokit/types": "npm:^14.0.0"
    toad-cache: "npm:^3.7.0"
    universal-github-app-jwt: "npm:^2.2.0"
    universal-user-agent: "npm:^7.0.0"
  checksum: 10c0/da8890ad8ae554697a4d58427d7633c8d4d6f7acbfc14e98345b85035cca6773c393f5db5767b455dfc8de9bc5bac4da2d24e443cd48e701de11dd52fa128385
  languageName: node
  linkType: hard

"@octokit/auth-oauth-app@npm:^8.1.3, @octokit/auth-oauth-app@npm:^8.1.4":
  version: 8.1.4
  resolution: "@octokit/auth-oauth-app@npm:8.1.4"
  dependencies:
    "@octokit/auth-oauth-device": "npm:^7.1.5"
    "@octokit/auth-oauth-user": "npm:^5.1.4"
    "@octokit/request": "npm:^9.2.3"
    "@octokit/types": "npm:^14.0.0"
    universal-user-agent: "npm:^7.0.0"
  checksum: 10c0/2e50711be9ee6c3bf85cf1d58a1d8ae56c36eb894dcfdacabda92b9454b2c49bccc56fb1a989d3e56625885f1ef36278cc01f65c01cde6e3b505b363eac66cc6
  languageName: node
  linkType: hard

"@octokit/auth-oauth-device@npm:^7.1.5":
  version: 7.1.5
  resolution: "@octokit/auth-oauth-device@npm:7.1.5"
  dependencies:
    "@octokit/oauth-methods": "npm:^5.1.5"
    "@octokit/request": "npm:^9.2.3"
    "@octokit/types": "npm:^14.0.0"
    universal-user-agent: "npm:^7.0.0"
  checksum: 10c0/f93a67473c58e8b855af15c7300a0937c9d3c6ea898e5e810f2f9762100c6cee22ae52e18c7f926b0e4c6c52573751d4c4ab6294c44116bed2d9fdde5cbdd35d
  languageName: node
  linkType: hard

"@octokit/auth-oauth-user@npm:^5.1.3, @octokit/auth-oauth-user@npm:^5.1.4":
  version: 5.1.4
  resolution: "@octokit/auth-oauth-user@npm:5.1.4"
  dependencies:
    "@octokit/auth-oauth-device": "npm:^7.1.5"
    "@octokit/oauth-methods": "npm:^5.1.5"
    "@octokit/request": "npm:^9.2.3"
    "@octokit/types": "npm:^14.0.0"
    universal-user-agent: "npm:^7.0.0"
  checksum: 10c0/2bb597b2e50fbd5c03bee3a276efa72b03105aff1d9e243c18a71b72d9fe4ad4b1cee52c2df3e022c4169c7c1d37ab14d05455d5de982528914af965e14b763a
  languageName: node
  linkType: hard

"@octokit/auth-token@npm:^5.0.0":
  version: 5.1.2
  resolution: "@octokit/auth-token@npm:5.1.2"
  checksum: 10c0/bd4952571d9c559ede1f6ef8f7756900256d19df0180db04da88886a05484c7e6a4397611422e4804465a82addc8c2daa21d0bb4f450403552ee81041a4046d1
  languageName: node
  linkType: hard

"@octokit/auth-unauthenticated@npm:^6.1.2, @octokit/auth-unauthenticated@npm:^6.1.3":
  version: 6.1.3
  resolution: "@octokit/auth-unauthenticated@npm:6.1.3"
  dependencies:
    "@octokit/request-error": "npm:^6.1.8"
    "@octokit/types": "npm:^14.0.0"
  checksum: 10c0/60639987fa30e68c4ecd98dd9f1604b3f4368384979cdfa2ab9ea2d0b04c50b42a990e67167cf2a0098205a994b3a80d76b23bb0de4c8c956a898b977f5ce7d0
  languageName: node
  linkType: hard

"@octokit/core@npm:^6.1.4, @octokit/core@npm:^6.1.5":
  version: 6.1.5
  resolution: "@octokit/core@npm:6.1.5"
  dependencies:
    "@octokit/auth-token": "npm:^5.0.0"
    "@octokit/graphql": "npm:^8.2.2"
    "@octokit/request": "npm:^9.2.3"
    "@octokit/request-error": "npm:^6.1.8"
    "@octokit/types": "npm:^14.0.0"
    before-after-hook: "npm:^3.0.2"
    universal-user-agent: "npm:^7.0.0"
  checksum: 10c0/c89ea754cc33da740fdd69fadb971b4b65c89971bba4e8ad545d3ea7aba79759ee3e195c3b72e7df78f14b8b1d392bddc56e7c385d48b5272319ea6a0246ac7c
  languageName: node
  linkType: hard

"@octokit/endpoint@npm:^10.1.4":
  version: 10.1.4
  resolution: "@octokit/endpoint@npm:10.1.4"
  dependencies:
    "@octokit/types": "npm:^14.0.0"
    universal-user-agent: "npm:^7.0.2"
  checksum: 10c0/bf7cca71a05dc4751df658588e32642e59c98768e7509521226b997ea4837e2d16efd35c391231c76d888226f4daf80e6a9f347dee01a69f490253654dada581
  languageName: node
  linkType: hard

"@octokit/graphql@npm:^8.2.2":
  version: 8.2.2
  resolution: "@octokit/graphql@npm:8.2.2"
  dependencies:
    "@octokit/request": "npm:^9.2.3"
    "@octokit/types": "npm:^14.0.0"
    universal-user-agent: "npm:^7.0.0"
  checksum: 10c0/29cd5af5ed04e416d28798a11907ab861dc73c0af47f8c9c3f4183d81d2e77d88228643825538acc81e7015f78d891f84107929019a673b06a6b38ccea6a24e0
  languageName: node
  linkType: hard

"@octokit/oauth-app@npm:^7.1.6":
  version: 7.1.6
  resolution: "@octokit/oauth-app@npm:7.1.6"
  dependencies:
    "@octokit/auth-oauth-app": "npm:^8.1.3"
    "@octokit/auth-oauth-user": "npm:^5.1.3"
    "@octokit/auth-unauthenticated": "npm:^6.1.2"
    "@octokit/core": "npm:^6.1.4"
    "@octokit/oauth-authorization-url": "npm:^7.1.1"
    "@octokit/oauth-methods": "npm:^5.1.4"
    "@types/aws-lambda": "npm:^8.10.83"
    universal-user-agent: "npm:^7.0.0"
  checksum: 10c0/75264f6cb9336baf815bb85ea450d69c5d33eb70754065c9c5307b10d0efec2d76bb17c7788346dfb8b5e4ad0205e6df841b9c709eaf077390bba793787841f5
  languageName: node
  linkType: hard

"@octokit/oauth-authorization-url@npm:^7.0.0, @octokit/oauth-authorization-url@npm:^7.1.1":
  version: 7.1.1
  resolution: "@octokit/oauth-authorization-url@npm:7.1.1"
  checksum: 10c0/a2723dde503693d4b0793bc43988d7445bdbd1a4e4994f4e94e635816c87b12a3058609eb5982d91783ddf6cdf663ccdb954b5d05efdc59cb66bc0456d7ba370
  languageName: node
  linkType: hard

"@octokit/oauth-methods@npm:^5.1.4, @octokit/oauth-methods@npm:^5.1.5":
  version: 5.1.5
  resolution: "@octokit/oauth-methods@npm:5.1.5"
  dependencies:
    "@octokit/oauth-authorization-url": "npm:^7.0.0"
    "@octokit/request": "npm:^9.2.3"
    "@octokit/request-error": "npm:^6.1.8"
    "@octokit/types": "npm:^14.0.0"
  checksum: 10c0/2b1c5f9ef0fcdb2f19fd864303a67bdda296fcb2cc058efc51bf3fbb3cb582475a5532eab05bd7a57277607730fa4a7796431564693fffdb9c4cb2b471484a5c
  languageName: node
  linkType: hard

"@octokit/openapi-types@npm:^25.0.0":
  version: 25.0.0
  resolution: "@octokit/openapi-types@npm:25.0.0"
  checksum: 10c0/59c9e5998e08cecec155b776c93d8f6f88ab1a812add61cc65f3de8f3744201565545eac308083d18c9fa330a4381a27bcd771a311ac0348d3590a00f333f233
  languageName: node
  linkType: hard

"@octokit/openapi-webhooks-types@npm:11.0.0":
  version: 11.0.0
  resolution: "@octokit/openapi-webhooks-types@npm:11.0.0"
  checksum: 10c0/cea59ba6b976a242fa4e6bedfab7e6fc3437381557d2c1876ca3aea5f6d4231559a378f9bc35e09593cb2d466afb4a2415be66b960f3e0a38b65b8b9f22ff90e
  languageName: node
  linkType: hard

"@octokit/plugin-paginate-graphql@npm:^5.2.4":
  version: 5.2.4
  resolution: "@octokit/plugin-paginate-graphql@npm:5.2.4"
  peerDependencies:
    "@octokit/core": ">=6"
  checksum: 10c0/30601cf11d78e5683098d68fbff071a3d20b1e23758f40b1f43fbc93f69b3d0e07f2c9aaaaee113e586af7f604e809ba93702d932b1a4ea65998c7ab39a40a54
  languageName: node
  linkType: hard

"@octokit/plugin-paginate-rest@npm:^12.0.0":
  version: 12.0.0
  resolution: "@octokit/plugin-paginate-rest@npm:12.0.0"
  dependencies:
    "@octokit/types": "npm:^14.0.0"
  peerDependencies:
    "@octokit/core": ">=6"
  checksum: 10c0/4ed04e8c111ac8cfb0692f917fe09ff6484b7436f0605c661e8051c6fb281c0260c9b067c1422529b948e53b22221b0f7664e2d10a28dcd9db14465c02c7182f
  languageName: node
  linkType: hard

"@octokit/plugin-rest-endpoint-methods@npm:^14.0.0":
  version: 14.0.0
  resolution: "@octokit/plugin-rest-endpoint-methods@npm:14.0.0"
  dependencies:
    "@octokit/types": "npm:^14.0.0"
  peerDependencies:
    "@octokit/core": ">=6"
  checksum: 10c0/c3f26c5277d4aa0c898d8fdbf84326943ea80496e6f60ae34834415384ab629e1e3702d1ed82d40c31a7370edfcb5fa9fe434b0357b302b3be309879bad1d4e6
  languageName: node
  linkType: hard

"@octokit/plugin-retry@npm:^7.2.1":
  version: 7.2.1
  resolution: "@octokit/plugin-retry@npm:7.2.1"
  dependencies:
    "@octokit/request-error": "npm:^6.1.8"
    "@octokit/types": "npm:^14.0.0"
    bottleneck: "npm:^2.15.3"
  peerDependencies:
    "@octokit/core": ">=6"
  checksum: 10c0/0cac8aa32bfe9612cbaba36f51382c69c882ef7927e1deb4b166fe664959887e952205adbf8b9ff461e0128ac3e1bd807ca58e38041a55ddb3214397584f0406
  languageName: node
  linkType: hard

"@octokit/plugin-throttling@npm:^10.0.0":
  version: 10.0.0
  resolution: "@octokit/plugin-throttling@npm:10.0.0"
  dependencies:
    "@octokit/types": "npm:^14.0.0"
    bottleneck: "npm:^2.15.3"
  peerDependencies:
    "@octokit/core": ^6.1.3
  checksum: 10c0/60294f89bcc03b034fce557dffcb0dba1b02d1fa1834b3b4f542f8635750df4bd23fc143f7c71f802a22a1aaed089c5da77979e6803abe11908b1c91aa1ba419
  languageName: node
  linkType: hard

"@octokit/request-error@npm:^6.1.7, @octokit/request-error@npm:^6.1.8":
  version: 6.1.8
  resolution: "@octokit/request-error@npm:6.1.8"
  dependencies:
    "@octokit/types": "npm:^14.0.0"
  checksum: 10c0/02aa5bfebb5b1b9e152558b4a6f4f7dcb149b41538778ffe0fce3395fd0da5c0862311a78e94723435667581b2a58a7cefa458cf7aa19ae2948ae419276f7ee1
  languageName: node
  linkType: hard

"@octokit/request@npm:^9.2.3":
  version: 9.2.3
  resolution: "@octokit/request@npm:9.2.3"
  dependencies:
    "@octokit/endpoint": "npm:^10.1.4"
    "@octokit/request-error": "npm:^6.1.8"
    "@octokit/types": "npm:^14.0.0"
    fast-content-type-parse: "npm:^2.0.0"
    universal-user-agent: "npm:^7.0.2"
  checksum: 10c0/96067fc9a5f30f2faa00f08015309930561c3ea0536b543e1c91c475f965eabc81c48fc27d401681ebdb3f6c1acc5d46eaa69163ab98b0faa08be1c02ea5b684
  languageName: node
  linkType: hard

"@octokit/types@npm:^14.0.0":
  version: 14.0.0
  resolution: "@octokit/types@npm:14.0.0"
  dependencies:
    "@octokit/openapi-types": "npm:^25.0.0"
  checksum: 10c0/c82da635fe99f265dbef7bf954d45a23ca7ce9c6fc9a8478c247b5435799e5d0eab3ff42f085785ee0882b2de293cab0ab831b379c66f41d00b78412df850ba4
  languageName: node
  linkType: hard

"@octokit/webhooks-methods@npm:^5.1.1":
  version: 5.1.1
  resolution: "@octokit/webhooks-methods@npm:5.1.1"
  checksum: 10c0/837aa49dbc7f8bc01448f4eaea32cfb0c1cbfa0b4ac570f7bcda385c71f43e4be05e91a3fb63708448410b27e246570fde42056b6b87d755154d84eff5a6500c
  languageName: node
  linkType: hard

"@octokit/webhooks@npm:^13.6.1, @octokit/webhooks@npm:^13.8.3":
  version: 13.9.1
  resolution: "@octokit/webhooks@npm:13.9.1"
  dependencies:
    "@octokit/openapi-webhooks-types": "npm:11.0.0"
    "@octokit/request-error": "npm:^6.1.7"
    "@octokit/webhooks-methods": "npm:^5.1.1"
  checksum: 10c0/feb4a595d5f160908f97be9b68c9c579b5cdf7abc28407998e652759b15f9082b026caa6b41bd4f56132e3c99f0a9e5ebfe4319177818d14bd65ec49cd2b93f3
  languageName: node
  linkType: hard

"@types/aws-lambda@npm:^8.10.83":
  version: 8.10.149
  resolution: "@types/aws-lambda@npm:8.10.149"
  checksum: 10c0/9ef41214a1b69fa30d89cab575429793f1ccc49cfe3a7aa75228aef31a202bb6d2c306a5b33def61ef29e0d0a1a324412bf6a4fa5a615e61117685584a394047
  languageName: node
  linkType: hard

"before-after-hook@npm:^3.0.2":
  version: 3.0.2
  resolution: "before-after-hook@npm:3.0.2"
  checksum: 10c0/dea640f9e88a1085372c9bcc974b7bf379267490693da92ec102a7d8b515dd1e95f00ef575a146b83ca638104c57406c3427d37bdf082f602dde4b56d05bba14
  languageName: node
  linkType: hard

"bottleneck@npm:^2.15.3":
  version: 2.19.5
  resolution: "bottleneck@npm:2.19.5"
  checksum: 10c0/b0f72e45b2e0f56a21ba720183f16bef8e693452fb0495d997fa354e42904353a94bd8fd429868e6751bc85e54b6755190519eed5a0ae0a94a5185209ae7c6d0
  languageName: node
  linkType: hard

"common-config-deploy@workspace:.":
  version: 0.0.0-use.local
  resolution: "common-config-deploy@workspace:."
  dependencies:
    dotenv: "npm:^16.6.1"
    octokit: "npm:^4.1.4"
    p-lazy: "npm:^5.0.0"
    semver: "npm:^7.7.3"
  languageName: unknown
  linkType: soft

"dotenv@npm:^16.6.1":
  version: 16.6.1
  resolution: "dotenv@npm:16.6.1"
  checksum: 10c0/15ce56608326ea0d1d9414a5c8ee6dcf0fffc79d2c16422b4ac2268e7e2d76ff5a572d37ffe747c377de12005f14b3cc22361e79fc7f1061cce81f77d2c973dc
  languageName: node
  linkType: hard

"fast-content-type-parse@npm:^2.0.0":
  version: 2.0.1
  resolution: "fast-content-type-parse@npm:2.0.1"
  checksum: 10c0/e5ff87d75a35ae4cf377df1dca46ec49e7abbdc8513689676ecdef548b94900b50e66e516e64470035d79b9f7010ef15d98c24d8ae803a881363cc59e0715e19
  languageName: node
  linkType: hard

"octokit@npm:^4.1.4":
  version: 4.1.4
  resolution: "octokit@npm:4.1.4"
  dependencies:
    "@octokit/app": "npm:^15.1.6"
    "@octokit/core": "npm:^6.1.5"
    "@octokit/oauth-app": "npm:^7.1.6"
    "@octokit/plugin-paginate-graphql": "npm:^5.2.4"
    "@octokit/plugin-paginate-rest": "npm:^12.0.0"
    "@octokit/plugin-rest-endpoint-methods": "npm:^14.0.0"
    "@octokit/plugin-retry": "npm:^7.2.1"
    "@octokit/plugin-throttling": "npm:^10.0.0"
    "@octokit/request-error": "npm:^6.1.8"
    "@octokit/types": "npm:^14.0.0"
    "@octokit/webhooks": "npm:^13.8.3"
  checksum: 10c0/2c58741f4d7bb8fdb14216a139222347d09fd431195a16cb81711ed8f9e0e1bc15c6f8a8f5f9ddbda90522a1e882b96dfdfbfd24bbebd803508bc1fa286f034a
  languageName: node
  linkType: hard

"p-lazy@npm:^5.0.0":
  version: 5.0.0
  resolution: "p-lazy@npm:5.0.0"
  checksum: 10c0/8788687fc3da0812549c2eefa22aa2a232fffdf350d6aa05a5b35115fa7c52b6fd3a8ebbbbb7483a77716e87abe363d28ae08d56050e4f466a0c963aa5e146fb
  languageName: node
  linkType: hard

"semver@npm:^7.7.3":
  version: 7.7.3
  resolution: "semver@npm:7.7.3"
  bin:
    semver: bin/semver.js
  checksum: 10c0/4afe5c986567db82f44c8c6faef8fe9df2a9b1d98098fc1721f57c696c4c21cebd572f297fc21002f81889492345b8470473bc6f4aff5fb032a6ea59ea2bc45e
  languageName: node
  linkType: hard

"toad-cache@npm:^3.7.0":
  version: 3.7.0
  resolution: "toad-cache@npm:3.7.0"
  checksum: 10c0/7dae2782ee20b22c9798bb8b71dec7ec6a0091021d2ea9dd6e8afccab6b65b358fdba49a02209fac574499702e2c000660721516c87c2538d1b2c0ba03e8c0c3
  languageName: node
  linkType: hard

"universal-github-app-jwt@npm:^2.2.0":
  version: 2.2.2
  resolution: "universal-github-app-jwt@npm:2.2.2"
  checksum: 10c0/7ae5f031fb89c01a4407459b764c5e6341d725d436e1ceec161f9b754dd4883d9704cc8de53d5b6314b7e1bef8dbc7561799fc23001e706f213d468c17026fb6
  languageName: node
  linkType: hard

"universal-user-agent@npm:^7.0.0, universal-user-agent@npm:^7.0.2":
  version: 7.0.2
  resolution: "universal-user-agent@npm:7.0.2"
  checksum: 10c0/e60517ee929813e6b3ac0ceb3c66deccafadc71341edca160279ff046319c684fd7090a60d63aa61cd34a06c2d2acebeb8c2f8d364244ae7bf8ab788e20cd8c8
  languageName: node
  linkType: hard
